// !$*UTF8*$!
{
	archiveVersion = 1;
	classes = {
	};
	objectVersion = 46;
	objects = {

/* Begin PBXBuildFile section */
		B1CFECAE153F8A6800297565 /* UIKit.framework in Frameworks */ = {isa = PBXBuildFile; fileRef = B1CFECAD153F8A6800297565 /* UIKit.framework */; };
		B1CFECB0153F8A6800297565 /* Foundation.framework in Frameworks */ = {isa = PBXBuildFile; fileRef = B1CFECAF153F8A6800297565 /* Foundation.framework */; };
		B1CFECB2153F8A6800297565 /* CoreGraphics.framework in Frameworks */ = {isa = PBXBuildFile; fileRef = B1CFECB1153F8A6800297565 /* CoreGraphics.framework */; };
		B1CFECB8153F8A6800297565 /* InfoPlist.strings in Resources */ = {isa = PBXBuildFile; fileRef = B1CFECB6153F8A6800297565 /* InfoPlist.strings */; };
		B1CFECBA153F8A6800297565 /* main.m in Sources */ = {isa = PBXBuildFile; fileRef = B1CFECB9153F8A6800297565 /* main.m */; };
		B1CFECBE153F8A6800297565 /* OCAppDelegate.m in Sources */ = {isa = PBXBuildFile; fileRef = B1CFECBD153F8A6800297565 /* OCAppDelegate.m */; };
		B1CFECC1153F8A6800297565 /* OCViewController.m in Sources */ = {isa = PBXBuildFile; fileRef = B1CFECC0153F8A6800297565 /* OCViewController.m */; };
		B1CFECC4153F8A6800297565 /* OCViewController.xib in Resources */ = {isa = PBXBuildFile; fileRef = B1CFECC2153F8A6800297565 /* OCViewController.xib */; };
		B1CFECDE153F8C4400297565 /* OCZipLookupController.m in Sources */ = {isa = PBXBuildFile; fileRef = B1CFECDD153F8C4400297565 /* OCZipLookupController.m */; };
		B1CFECE0153F8C8B00297565 /* libsqlite3.dylib in Frameworks */ = {isa = PBXBuildFile; fileRef = B1CFECDF153F8C8B00297565 /* libsqlite3.dylib */; };
		B1CFECE1153F917800297565 /* zip.sqlite in Resources */ = {isa = PBXBuildFile; fileRef = B1CFECCB153F8A8900297565 /* zip.sqlite */; };
/* End PBXBuildFile section */

/* Begin PBXFileReference section */
		B1CFECA9153F8A6800297565 /* OCZipLookup.app */ = {isa = PBXFileReference; explicitFileType = wrapper.application; includeInIndex = 0; path = OCZipLookup.app; sourceTree = BUILT_PRODUCTS_DIR; };
		B1CFECAD153F8A6800297565 /* UIKit.framework */ = {isa = PBXFileReference; lastKnownFileType = wrapper.framework; name = UIKit.framework; path = System/Library/Frameworks/UIKit.framework; sourceTree = SDKROOT; };
		B1CFECAF153F8A6800297565 /* Foundation.framework */ = {isa = PBXFileReference; lastKnownFileType = wrapper.framework; name = Foundation.framework; path = System/Library/Frameworks/Foundation.framework; sourceTree = SDKROOT; };
		B1CFECB1153F8A6800297565 /* CoreGraphics.framework */ = {isa = PBXFileReference; lastKnownFileType = wrapper.framework; name = CoreGraphics.framework; path = System/Library/Frameworks/CoreGraphics.framework; sourceTree = SDKROOT; };
		B1CFECB5153F8A6800297565 /* OCZipLookup-Info.plist */ = {isa = PBXFileReference; lastKnownFileType = text.plist.xml; path = "OCZipLookup-Info.plist"; sourceTree = "<group>"; };
		B1CFECB7153F8A6800297565 /* en */ = {isa = PBXFileReference; lastKnownFileType = text.plist.strings; name = en; path = en.lproj/InfoPlist.strings; sourceTree = "<group>"; };
		B1CFECB9153F8A6800297565 /* main.m */ = {isa = PBXFileReference; lastKnownFileType = sourcecode.c.objc; path = main.m; sourceTree = "<group>"; };
		B1CFECBB153F8A6800297565 /* OCZipLookup-Prefix.pch */ = {isa = PBXFileReference; lastKnownFileType = sourcecode.c.h; path = "OCZipLookup-Prefix.pch"; sourceTree = "<group>"; };
		B1CFECBC153F8A6800297565 /* OCAppDelegate.h */ = {isa = PBXFileReference; lastKnownFileType = sourcecode.c.h; path = OCAppDelegate.h; sourceTree = "<group>"; };
		B1CFECBD153F8A6800297565 /* OCAppDelegate.m */ = {isa = PBXFileReference; lastKnownFileType = sourcecode.c.objc; path = OCAppDelegate.m; sourceTree = "<group>"; };
		B1CFECBF153F8A6800297565 /* OCViewController.h */ = {isa = PBXFileReference; lastKnownFileType = sourcecode.c.h; path = OCViewController.h; sourceTree = "<group>"; };
		B1CFECC0153F8A6800297565 /* OCViewController.m */ = {isa = PBXFileReference; lastKnownFileType = sourcecode.c.objc; path = OCViewController.m; sourceTree = "<group>"; };
		B1CFECC3153F8A6800297565 /* en */ = {isa = PBXFileReference; lastKnownFileType = file.xib; name = en; path = en.lproj/OCViewController.xib; sourceTree = "<group>"; };
		B1CFECCB153F8A8900297565 /* zip.sqlite */ = {isa = PBXFileReference; lastKnownFileType = file; path = zip.sqlite; sourceTree = "<group>"; };
		B1CFECDC153F8C4400297565 /* OCZipLookupController.h */ = {isa = PBXFileReference; fileEncoding = 4; lastKnownFileType = sourcecode.c.h; path = OCZipLookupController.h; sourceTree = "<group>"; };
		B1CFECDD153F8C4400297565 /* OCZipLookupController.m */ = {isa = PBXFileReference; fileEncoding = 4; lastKnownFileType = sourcecode.c.objc; path = OCZipLookupController.m; sourceTree = "<group>"; };
		B1CFECDF153F8C8B00297565 /* libsqlite3.dylib */ = {isa = PBXFileReference; lastKnownFileType = "compiled.mach-o.dylib"; name = libsqlite3.dylib; path = usr/lib/libsqlite3.dylib; sourceTree = SDKROOT; };
/* End PBXFileReference section */

/* Begin PBXFrameworksBuildPhase section */
		B1CFECA6153F8A6800297565 /* Frameworks */ = {
			isa = PBXFrameworksBuildPhase;
			buildActionMask = 2147483647;
			files = (
				B1CFECE0153F8C8B00297565 /* libsqlite3.dylib in Frameworks */,
				B1CFECAE153F8A6800297565 /* UIKit.framework in Frameworks */,
				B1CFECB0153F8A6800297565 /* Foundation.framework in Frameworks */,
				B1CFECB2153F8A6800297565 /* CoreGraphics.framework in Frameworks */,
			);
			runOnlyForDeploymentPostprocessing = 0;
		};
/* End PBXFrameworksBuildPhase section */

/* Begin PBXGroup section */
		B1CFEC9E153F8A6600297565 = {
			isa = PBXGroup;
			children = (
				B1CFECB3153F8A6800297565 /* OCZipLookup */,
				B1CFECAC153F8A6800297565 /* Frameworks */,
				B1CFECAA153F8A6800297565 /* Products */,
			);
			sourceTree = "<group>";
		};
		B1CFECAA153F8A6800297565 /* Products */ = {
			isa = PBXGroup;
			children = (
				B1CFECA9153F8A6800297565 /* OCZipLookup.app */,
			);
			name = Products;
			sourceTree = "<group>";
		};
		B1CFECAC153F8A6800297565 /* Frameworks */ = {
			isa = PBXGroup;
			children = (
				B1CFECDF153F8C8B00297565 /* libsqlite3.dylib */,
				B1CFECAD153F8A6800297565 /* UIKit.framework */,
				B1CFECAF153F8A6800297565 /* Foundation.framework */,
				B1CFECB1153F8A6800297565 /* CoreGraphics.framework */,
			);
			name = Frameworks;
			sourceTree = "<group>";
		};
		B1CFECB3153F8A6800297565 /* OCZipLookup */ = {
			isa = PBXGroup;
			children = (
				B1CFECCA153F8A7B00297565 /* OCZipLookup */,
				B1CFECBC153F8A6800297565 /* OCAppDelegate.h */,
				B1CFECBD153F8A6800297565 /* OCAppDelegate.m */,
				B1CFECBF153F8A6800297565 /* OCViewController.h */,
				B1CFECC0153F8A6800297565 /* OCViewController.m */,
				B1CFECC2153F8A6800297565 /* OCViewController.xib */,
				B1CFECB4153F8A6800297565 /* Supporting Files */,
			);
			path = OCZipLookup;
			sourceTree = "<group>";
		};
		B1CFECB4153F8A6800297565 /* Supporting Files */ = {
			isa = PBXGroup;
			children = (
				B1CFECB5153F8A6800297565 /* OCZipLookup-Info.plist */,
				B1CFECB6153F8A6800297565 /* InfoPlist.strings */,
				B1CFECB9153F8A6800297565 /* main.m */,
				B1CFECBB153F8A6800297565 /* OCZipLookup-Prefix.pch */,
			);
			name = "Supporting Files";
			sourceTree = "<group>";
		};
		B1CFECCA153F8A7B00297565 /* OCZipLookup */ = {
			isa = PBXGroup;
			children = (
				B1CFECCB153F8A8900297565 /* zip.sqlite */,
				B1CFECDC153F8C4400297565 /* OCZipLookupController.h */,
				B1CFECDD153F8C4400297565 /* OCZipLookupController.m */,
			);
			name = OCZipLookup;
			sourceTree = "<group>";
		};
/* End PBXGroup section */

/* Begin PBXNativeTarget section */
		B1CFECA8153F8A6800297565 /* OCZipLookup */ = {
			isa = PBXNativeTarget;
			buildConfigurationList = B1CFECC7153F8A6800297565 /* Build configuration list for PBXNativeTarget "OCZipLookup" */;
			buildPhases = (
				B1CFECA5153F8A6800297565 /* Sources */,
				B1CFECA6153F8A6800297565 /* Frameworks */,
				B1CFECA7153F8A6800297565 /* Resources */,
			);
			buildRules = (
			);
			dependencies = (
			);
			name = OCZipLookup;
			productName = OCZipLookup;
			productReference = B1CFECA9153F8A6800297565 /* OCZipLookup.app */;
			productType = "com.apple.product-type.application";
		};
/* End PBXNativeTarget section */

/* Begin PBXProject section */
		B1CFECA0153F8A6600297565 /* Project object */ = {
			isa = PBXProject;
			attributes = {
				CLASSPREFIX = OC;
				LastUpgradeCheck = 0430;
				ORGANIZATIONNAME = "UC Berkeley";
			};
			buildConfigurationList = B1CFECA3153F8A6600297565 /* Build configuration list for PBXProject "OCZipLookup" */;
			compatibilityVersion = "Xcode 3.2";
			developmentRegion = English;
			hasScannedForEncodings = 0;
			knownRegions = (
				en,
			);
			mainGroup = B1CFEC9E153F8A6600297565;
			productRefGroup = B1CFECAA153F8A6800297565 /* Products */;
			projectDirPath = "";
			projectRoot = "";
			targets = (
				B1CFECA8153F8A6800297565 /* OCZipLookup */,
			);
		};
/* End PBXProject section */

/* Begin PBXResourcesBuildPhase section */
		B1CFECA7153F8A6800297565 /* Resources */ = {
			isa = PBXResourcesBuildPhase;
			buildActionMask = 2147483647;
			files = (
				B1CFECE1153F917800297565 /* zip.sqlite in Resources */,
				B1CFECB8153F8A6800297565 /* InfoPlist.strings in Resources */,
				B1CFECC4153F8A6800297565 /* OCViewController.xib in Resources */,
			);
			runOnlyForDeploymentPostprocessing = 0;
		};
/* End PBXResourcesBuildPhase section */

/* Begin PBXSourcesBuildPhase section */
		B1CFECA5153F8A6800297565 /* Sources */ = {
			isa = PBXSourcesBuildPhase;
			buildActionMask = 2147483647;
			files = (
				B1CFECBA153F8A6800297565 /* main.m in Sources */,
				B1CFECBE153F8A6800297565 /* OCAppDelegate.m in Sources */,
				B1CFECC1153F8A6800297565 /* OCViewController.m in Sources */,
				B1CFECDE153F8C4400297565 /* OCZipLookupController.m in Sources */,
			);
			runOnlyForDeploymentPostprocessing = 0;
		};
/* End PBXSourcesBuildPhase section */

/* Begin PBXVariantGroup section */
		B1CFECB6153F8A6800297565 /* InfoPlist.strings */ = {
			isa = PBXVariantGroup;
			children = (
				B1CFECB7153F8A6800297565 /* en */,
			);
			name = InfoPlist.strings;
			sourceTree = "<group>";
		};
		B1CFECC2153F8A6800297565 /* OCViewController.xib */ = {
			isa = PBXVariantGroup;
			children = (
				B1CFECC3153F8A6800297565 /* en */,
			);
			name = OCViewController.xib;
			sourceTree = "<group>";
		};
/* End PBXVariantGroup section */

/* Begin XCBuildConfiguration section */
		B1CFECC5153F8A6800297565 /* Debug */ = {
			isa = XCBuildConfiguration;
			buildSettings = {
				ALWAYS_SEARCH_USER_PATHS = NO;
				ARCHS = "$(ARCHS_STANDARD_32_BIT)";
				"CODE_SIGN_IDENTITY[sdk=iphoneos*]" = "iPhone Developer";
				COPY_PHASE_STRIP = NO;
				GCC_C_LANGUAGE_STANDARD = gnu99;
				GCC_DYNAMIC_NO_PIC = NO;
				GCC_OPTIMIZATION_LEVEL = 0;
				GCC_PREPROCESSOR_DEFINITIONS = (
					"DEBUG=1",
					"$(inherited)",
				);
				GCC_SYMBOLS_PRIVATE_EXTERN = NO;
				GCC_VERSION = com.apple.compilers.llvm.clang.1_0;
				GCC_WARN_ABOUT_RETURN_TYPE = YES;
				GCC_WARN_UNINITIALIZED_AUTOS = YES;
				GCC_WARN_UNUSED_VARIABLE = YES;
				IPHONEOS_DEPLOYMENT_TARGET = 5.1;
				SDKROOT = iphoneos;
				TARGETED_DEVICE_FAMILY = 2;
			};
			name = Debug;
		};
		B1CFECC6153F8A6800297565 /* Release */ = {
			isa = XCBuildConfiguration;
			buildSettings = {
				ALWAYS_SEARCH_USER_PATHS = NO;
				ARCHS = "$(ARCHS_STANDARD_32_BIT)";
				"CODE_SIGN_IDENTITY[sdk=iphoneos*]" = "iPhone Developer";
				COPY_PHASE_STRIP = YES;
				GCC_C_LANGUAGE_STANDARD = gnu99;
				GCC_VERSION = com.apple.compilers.llvm.clang.1_0;
				GCC_WARN_ABOUT_RETURN_TYPE = YES;
				GCC_WARN_UNINITIALIZED_AUTOS = YES;
				GCC_WARN_UNUSED_VARIABLE = YES;
				IPHONEOS_DEPLOYMENT_TARGET = 5.1;
				OTHER_CFLAGS = "-DNS_BLOCK_ASSERTIONS=1";
				SDKROOT = iphoneos;
				TARGETED_DEVICE_FAMILY = 2;
				VALIDATE_PRODUCT = YES;
			};
			name = Release;
		};
		B1CFECC8153F8A6800297565 /* Debug */ = {
			isa = XCBuildConfiguration;
			buildSettings = {
				GCC_PRECOMPILE_PREFIX_HEADER = YES;
				GCC_PREFIX_HEADER = "OCZipLookup/OCZipLookup-Prefix.pch";
				INFOPLIST_FILE = "OCZipLookup/OCZipLookup-Info.plist";
				PRODUCT_NAME = "$(TARGET_NAME)";
				WRAPPER_EXTENSION = app;
			};
			name = Debug;
		};
		B1CFECC9153F8A6800297565 /* Release */ = {
			isa = XCBuildConfiguration;
			buildSettings = {
				GCC_PRECOMPILE_PREFIX_HEADER = YES;
				GCC_PREFIX_HEADER = "OCZipLookup/OCZipLookup-Prefix.pch";
				INFOPLIST_FILE = "OCZipLookup/OCZipLookup-Info.plist";
				PRODUCT_NAME = "$(TARGET_NAME)";
				WRAPPER_EXTENSION = app;
			};
			name = Release;
		};
/* End XCBuildConfiguration section */

/* Begin XCConfigurationList section */
		B1CFECA3153F8A6600297565 /* Build configuration list for PBXProject "OCZipLookup" */ = {
			isa = XCConfigurationList;
			buildConfigurations = (
				B1CFECC5153F8A6800297565 /* Debug */,
				B1CFECC6153F8A6800297565 /* Release */,
			);
			defaultConfigurationIsVisible = 0;
			defaultConfigurationName = Release;
		};
		B1CFECC7153F8A6800297565 /* Build configuration list for PBXNativeTarget "OCZipLookup" */ = {
			isa = XCConfigurationList;
			buildConfigurations = (
				B1CFECC8153F8A6800297565 /* Debug */,
				B1CFECC9153F8A6800297565 /* Release */,
			);
			defaultConfigurationIsVisible = 0;
		};
/* End XCConfigurationList section */
	};
	rootObject = B1CFECA0153F8A6600297565 /* Project object */;
}
